
Microsoft Visual Studio Solution File, Format Version 12.00
# Visual Studio Version 17
VisualStudioVersion = 17.12.35209.166
MinimumVisualStudioVersion = 10.0.40219.1
Project("{FAE04EC0-301F-11D3-BF4B-00C04F79EFBC}") = "TestingBlazor", "TestingBlazor\TestingBlazor.csproj", "{EAFF1A9C-1A02-43D2-8227-C50917FF8E60}"
EndProject
Global
	GlobalSection(SolutionConfigurationPlatforms) = preSolution
		Debug|Any CPU = Debug|Any CPU
		Release|Any CPU = Release|Any CPU
	EndGlobalSection
	GlobalSection(ProjectConfigurationPlatforms) = postSolution
		{EAFF1A9C-1A02-43D2-8227-C50917FF8E60}.Debug|Any CPU.ActiveCfg = Debug|Any CPU
		{EAFF1A9C-1A02-43D2-8227-C50917FF8E60}.Debug|Any CPU.Build.0 = Debug|Any CPU
		{EAFF1A9C-1A02-43D2-8227-C50917FF8E60}.Release|Any CPU.ActiveCfg = Release|Any CPU
		{EAFF1A9C-1A02-43D2-8227-C50917FF8E60}.Release|Any CPU.Build.0 = Release|Any CPU
	EndGlobalSection
	GlobalSection(SolutionProperties) = preSolution
		HideSolutionNode = FALSE
	EndGlobalSection
	GlobalSection(ExtensibilityGlobals) = postSolution
		SolutionGuid = {AA9160FD-638D-422E-BDE3-73BFBCE55FE6}
	EndGlobalSection
EndGlobal
